
Microsoft Visual Studio Solution File, Format Version 12.00
# Visual Studio Version 17
VisualStudioVersion = 17.5.33516.290
MinimumVisualStudioVersion = 10.0.40219.1
Project("{9A19103F-16F7-4668-BE54-9A1E7A4F7556}") = "Gold_ggk.WebAPI", "Gold_ggk.WebAPI.csproj", "{79499E40-6025-4B2E-A1D3-CB1A03218F30}"
EndProject
Project("{9A19103F-16F7-4668-BE54-9A1E7A4F7556}") = "Gold_ggk.BLL", "..\Gold_ggk.BLL\Gold_ggk.BLL.csproj", "{EA4909C6-C765-4FE7-9AA9-ADC65078B953}"
EndProject
Project("{9A19103F-16F7-4668-BE54-9A1E7A4F7556}") = "Gold_ggk.DAL", "..\Gold_ggk.DAL\Gold_ggk.DAL.csproj", "{E5BCEE59-3D1B-4292-A578-CE027F0EC6AE}"
EndProject
Project("{FAE04EC0-301F-11D3-BF4B-00C04F79EFBC}") = "Test", "..\Test\Test.csproj", "{9A511200-EB6C-4D19-88EA-B6825BFC4580}"
EndProject
Global
	GlobalSection(SolutionConfigurationPlatforms) = preSolution
		Debug|Any CPU = Debug|Any CPU
		Release|Any CPU = Release|Any CPU
	EndGlobalSection
	GlobalSection(ProjectConfigurationPlatforms) = postSolution
		{79499E40-6025-4B2E-A1D3-CB1A03218F30}.Debug|Any CPU.ActiveCfg = Debug|Any CPU
		{79499E40-6025-4B2E-A1D3-CB1A03218F30}.Debug|Any CPU.Build.0 = Debug|Any CPU
		{79499E40-6025-4B2E-A1D3-CB1A03218F30}.Release|Any CPU.ActiveCfg = Release|Any CPU
		{79499E40-6025-4B2E-A1D3-CB1A03218F30}.Release|Any CPU.Build.0 = Release|Any CPU
		{EA4909C6-C765-4FE7-9AA9-ADC65078B953}.Debug|Any CPU.ActiveCfg = Debug|Any CPU
		{EA4909C6-C765-4FE7-9AA9-ADC65078B953}.Debug|Any CPU.Build.0 = Debug|Any CPU
		{EA4909C6-C765-4FE7-9AA9-ADC65078B953}.Release|Any CPU.ActiveCfg = Release|Any CPU
		{EA4909C6-C765-4FE7-9AA9-ADC65078B953}.Release|Any CPU.Build.0 = Release|Any CPU
		{E5BCEE59-3D1B-4292-A578-CE027F0EC6AE}.Debug|Any CPU.ActiveCfg = Debug|Any CPU
		{E5BCEE59-3D1B-4292-A578-CE027F0EC6AE}.Debug|Any CPU.Build.0 = Debug|Any CPU
		{E5BCEE59-3D1B-4292-A578-CE027F0EC6AE}.Release|Any CPU.ActiveCfg = Release|Any CPU
		{E5BCEE59-3D1B-4292-A578-CE027F0EC6AE}.Release|Any CPU.Build.0 = Release|Any CPU
		{9A511200-EB6C-4D19-88EA-B6825BFC4580}.Debug|Any CPU.ActiveCfg = Debug|Any CPU
		{9A511200-EB6C-4D19-88EA-B6825BFC4580}.Debug|Any CPU.Build.0 = Debug|Any CPU
		{9A511200-EB6C-4D19-88EA-B6825BFC4580}.Release|Any CPU.ActiveCfg = Release|Any CPU
		{9A511200-EB6C-4D19-88EA-B6825BFC4580}.Release|Any CPU.Build.0 = Release|Any CPU
	EndGlobalSection
	GlobalSection(SolutionProperties) = preSolution
		HideSolutionNode = FALSE
	EndGlobalSection
	GlobalSection(ExtensibilityGlobals) = postSolution
		SolutionGuid = {C7414B51-AAEA-49CD-9CCC-8A56F390AC68}
	EndGlobalSection
EndGlobal
